// !$*UTF8*$!
{
	archiveVersion = 1;
	classes = {
	};
	objectVersion = 50;
	objects = {

/* Begin PBXBuildFile section */
		843243F0262817D5008CCB8D /* iOS2macApp.swift in Sources */ = {isa = PBXBuildFile; fileRef = 843243EF262817D5008CCB8D /* iOS2macApp.swift */; };
		843243F2262817D5008CCB8D /* ContentView.swift in Sources */ = {isa = PBXBuildFile; fileRef = 843243F1262817D5008CCB8D /* ContentView.swift */; };
		843243F4262817D6008CCB8D /* Assets.xcassets in Resources */ = {isa = PBXBuildFile; fileRef = 843243F3262817D6008CCB8D /* Assets.xcassets */; };
		843243F7262817D6008CCB8D /* Preview Assets.xcassets in Resources */ = {isa = PBXBuildFile; fileRef = 843243F6262817D6008CCB8D /* Preview Assets.xcassets */; };
		84A500682629B4B700873A2E /* AppDelegate.swift in Sources */ = {isa = PBXBuildFile; fileRef = 84A500672629B4B700873A2E /* AppDelegate.swift */; };
		84A500A52629C09300873A2E /* MacOSBridge.swift in Sources */ = {isa = PBXBuildFile; fileRef = 84A500A42629C09300873A2E /* MacOSBridge.swift */; };
		84A500A82629C42200873A2E /* Interfaces.swift in Sources */ = {isa = PBXBuildFile; fileRef = 84A500A72629C42200873A2E /* Interfaces.swift */; };
		84A500AA2629C42500873A2E /* Interfaces.swift in Sources */ = {isa = PBXBuildFile; fileRef = 84A500A72629C42200873A2E /* Interfaces.swift */; };
		84A500B02629D51500873A2E /* macOSBridge.bundle in Embed PlugIns */ = {isa = PBXBuildFile; fileRef = 84A5009C2629B92D00873A2E /* macOSBridge.bundle */; settings = {ATTRIBUTES = (CodeSignOnCopy, RemoveHeadersOnCopy, ); }; };
		84A500B6262B37CA00873A2E /* HomeKit.framework in Frameworks */ = {isa = PBXBuildFile; fileRef = 84A500B5262B37CA00873A2E /* HomeKit.framework */; };
/* End PBXBuildFile section */

/* Begin PBXContainerItemProxy section */
		84A500B12629D51500873A2E /* PBXContainerItemProxy */ = {
			isa = PBXContainerItemProxy;
			containerPortal = 843243E4262817D5008CCB8D /* Project object */;
			proxyType = 1;
			remoteGlobalIDString = 84A5009B2629B92D00873A2E;
			remoteInfo = macOSBridge;
		};
/* End PBXContainerItemProxy section */

/* Begin PBXCopyFilesBuildPhase section */
		84A500902629B80300873A2E /* Embed Frameworks */ = {
			isa = PBXCopyFilesBuildPhase;
			buildActionMask = 2147483647;
			dstPath = "";
			dstSubfolderSpec = 10;
			files = (
			);
			name = "Embed Frameworks";
			runOnlyForDeploymentPostprocessing = 0;
		};
		84A500B32629D51500873A2E /* Embed PlugIns */ = {
			isa = PBXCopyFilesBuildPhase;
			buildActionMask = 2147483647;
			dstPath = "";
			dstSubfolderSpec = 13;
			files = (
				84A500B02629D51500873A2E /* macOSBridge.bundle in Embed PlugIns */,
			);
			name = "Embed PlugIns";
			runOnlyForDeploymentPostprocessing = 0;
		};
/* End PBXCopyFilesBuildPhase section */

/* Begin PBXFileReference section */
		843243EC262817D5008CCB8D /* iOS2mac.app */ = {isa = PBXFileReference; explicitFileType = wrapper.application; includeInIndex = 0; path = iOS2mac.app; sourceTree = BUILT_PRODUCTS_DIR; };
		843243EF262817D5008CCB8D /* iOS2macApp.swift */ = {isa = PBXFileReference; lastKnownFileType = sourcecode.swift; path = iOS2macApp.swift; sourceTree = "<group>"; };
		843243F1262817D5008CCB8D /* ContentView.swift */ = {isa = PBXFileReference; lastKnownFileType = sourcecode.swift; path = ContentView.swift; sourceTree = "<group>"; };
		843243F3262817D6008CCB8D /* Assets.xcassets */ = {isa = PBXFileReference; lastKnownFileType = folder.assetcatalog; path = Assets.xcassets; sourceTree = "<group>"; };
		843243F6262817D6008CCB8D /* Preview Assets.xcassets */ = {isa = PBXFileReference; lastKnownFileType = folder.assetcatalog; path = "Preview Assets.xcassets"; sourceTree = "<group>"; };
		843243F8262817D6008CCB8D /* Info.plist */ = {isa = PBXFileReference; lastKnownFileType = text.plist.xml; path = Info.plist; sourceTree = "<group>"; };
		84A500672629B4B700873A2E /* AppDelegate.swift */ = {isa = PBXFileReference; lastKnownFileType = sourcecode.swift; path = AppDelegate.swift; sourceTree = "<group>"; };
		84A5006A2629B70000873A2E /* iOS2mac.entitlements */ = {isa = PBXFileReference; lastKnownFileType = text.plist.entitlements; path = iOS2mac.entitlements; sourceTree = "<group>"; };
		84A5009C2629B92D00873A2E /* macOSBridge.bundle */ = {isa = PBXFileReference; explicitFileType = wrapper.cfbundle; includeInIndex = 0; path = macOSBridge.bundle; sourceTree = BUILT_PRODUCTS_DIR; };
		84A5009E2629B92D00873A2E /* Info.plist */ = {isa = PBXFileReference; lastKnownFileType = text.plist.xml; path = Info.plist; sourceTree = "<group>"; };
		84A500A32629C09300873A2E /* macOSBrigde-Bridging-Header.h */ = {isa = PBXFileReference; lastKnownFileType = sourcecode.c.h; path = "macOSBrigde-Bridging-Header.h"; sourceTree = "<group>"; };
		84A500A42629C09300873A2E /* MacOSBridge.swift */ = {isa = PBXFileReference; lastKnownFileType = sourcecode.swift; path = MacOSBridge.swift; sourceTree = "<group>"; };
		84A500A72629C42200873A2E /* Interfaces.swift */ = {isa = PBXFileReference; lastKnownFileType = sourcecode.swift; path = Interfaces.swift; sourceTree = "<group>"; };
		84A500B5262B37CA00873A2E /* HomeKit.framework */ = {isa = PBXFileReference; lastKnownFileType = wrapper.framework; name = HomeKit.framework; path = System/Library/Frameworks/HomeKit.framework; sourceTree = SDKROOT; };
/* End PBXFileReference section */

/* Begin PBXFrameworksBuildPhase section */
		843243E9262817D5008CCB8D /* Frameworks */ = {
			isa = PBXFrameworksBuildPhase;
			buildActionMask = 2147483647;
			files = (
				84A500B6262B37CA00873A2E /* HomeKit.framework in Frameworks */,
			);
			runOnlyForDeploymentPostprocessing = 0;
		};
		84A500992629B92D00873A2E /* Frameworks */ = {
			isa = PBXFrameworksBuildPhase;
			buildActionMask = 2147483647;
			files = (
			);
			runOnlyForDeploymentPostprocessing = 0;
		};
/* End PBXFrameworksBuildPhase section */

/* Begin PBXGroup section */
		843243E3262817D5008CCB8D = {
			isa = PBXGroup;
			children = (
				843243EE262817D5008CCB8D /* iOS2mac */,
				84A5009D2629B92D00873A2E /* macOSBrigde */,
				843243ED262817D5008CCB8D /* Products */,
				84A5008B2629B80300873A2E /* Frameworks */,
			);
			sourceTree = "<group>";
		};
		843243ED262817D5008CCB8D /* Products */ = {
			isa = PBXGroup;
			children = (
				843243EC262817D5008CCB8D /* iOS2mac.app */,
				84A5009C2629B92D00873A2E /* macOSBridge.bundle */,
			);
			name = Products;
			sourceTree = "<group>";
		};
		843243EE262817D5008CCB8D /* iOS2mac */ = {
			isa = PBXGroup;
			children = (
				84A5006A2629B70000873A2E /* iOS2mac.entitlements */,
				84A500672629B4B700873A2E /* AppDelegate.swift */,
				843243EF262817D5008CCB8D /* iOS2macApp.swift */,
				843243F1262817D5008CCB8D /* ContentView.swift */,
				843243F3262817D6008CCB8D /* Assets.xcassets */,
				843243F8262817D6008CCB8D /* Info.plist */,
				843243F5262817D6008CCB8D /* Preview Content */,
			);
			path = iOS2mac;
			sourceTree = "<group>";
		};
		843243F5262817D6008CCB8D /* Preview Content */ = {
			isa = PBXGroup;
			children = (
				843243F6262817D6008CCB8D /* Preview Assets.xcassets */,
			);
			path = "Preview Content";
			sourceTree = "<group>";
		};
		84A5008B2629B80300873A2E /* Frameworks */ = {
			isa = PBXGroup;
			children = (
				84A500B5262B37CA00873A2E /* HomeKit.framework */,
			);
			name = Frameworks;
			sourceTree = "<group>";
		};
		84A5009D2629B92D00873A2E /* macOSBrigde */ = {
			isa = PBXGroup;
			children = (
				84A500A42629C09300873A2E /* MacOSBridge.swift */,
				84A500A32629C09300873A2E /* macOSBrigde-Bridging-Header.h */,
				84A500A72629C42200873A2E /* Interfaces.swift */,
				84A5009E2629B92D00873A2E /* Info.plist */,
			);
			path = macOSBrigde;
			sourceTree = "<group>";
		};
/* End PBXGroup section */

/* Begin PBXNativeTarget section */
		843243EB262817D5008CCB8D /* iOS2mac */ = {
			isa = PBXNativeTarget;
			buildConfigurationList = 843243FB262817D6008CCB8D /* Build configuration list for PBXNativeTarget "iOS2mac" */;
			buildPhases = (
				843243E8262817D5008CCB8D /* Sources */,
				843243E9262817D5008CCB8D /* Frameworks */,
				843243EA262817D5008CCB8D /* Resources */,
				84A500902629B80300873A2E /* Embed Frameworks */,
				84A500B32629D51500873A2E /* Embed PlugIns */,
			);
			buildRules = (
			);
			dependencies = (
				84A500B22629D51500873A2E /* PBXTargetDependency */,
			);
			name = iOS2mac;
			productName = iOS2mac;
			productReference = 843243EC262817D5008CCB8D /* iOS2mac.app */;
			productType = "com.apple.product-type.application";
		};
		84A5009B2629B92D00873A2E /* macOSBridge */ = {
			isa = PBXNativeTarget;
			buildConfigurationList = 84A5009F2629B92D00873A2E /* Build configuration list for PBXNativeTarget "macOSBridge" */;
			buildPhases = (
				84A500982629B92D00873A2E /* Sources */,
				84A500992629B92D00873A2E /* Frameworks */,
				84A5009A2629B92D00873A2E /* Resources */,
			);
			buildRules = (
			);
			dependencies = (
			);
			name = macOSBridge;
			productName = macOSBrigde;
			productReference = 84A5009C2629B92D00873A2E /* macOSBridge.bundle */;
			productType = "com.apple.product-type.bundle";
		};
/* End PBXNativeTarget section */

/* Begin PBXProject section */
		843243E4262817D5008CCB8D /* Project object */ = {
			isa = PBXProject;
			attributes = {
				LastSwiftUpdateCheck = 1240;
				LastUpgradeCheck = 1240;
				TargetAttributes = {
					843243EB262817D5008CCB8D = {
						CreatedOnToolsVersion = 12.4;
					};
					84A5009B2629B92D00873A2E = {
						CreatedOnToolsVersion = 12.4;
						LastSwiftMigration = 1240;
					};
				};
			};
			buildConfigurationList = 843243E7262817D5008CCB8D /* Build configuration list for PBXProject "iOS2mac" */;
			compatibilityVersion = "Xcode 9.3";
			developmentRegion = en;
			hasScannedForEncodings = 0;
			knownRegions = (
				en,
				Base,
			);
			mainGroup = 843243E3262817D5008CCB8D;
			productRefGroup = 843243ED262817D5008CCB8D /* Products */;
			projectDirPath = "";
			projectRoot = "";
			targets = (
				843243EB262817D5008CCB8D /* iOS2mac */,
				84A5009B2629B92D00873A2E /* macOSBridge */,
			);
		};
/* End PBXProject section */

/* Begin PBXResourcesBuildPhase section */
		843243EA262817D5008CCB8D /* Resources */ = {
			isa = PBXResourcesBuildPhase;
			buildActionMask = 2147483647;
			files = (
				843243F7262817D6008CCB8D /* Preview Assets.xcassets in Resources */,
				843243F4262817D6008CCB8D /* Assets.xcassets in Resources */,
			);
			runOnlyForDeploymentPostprocessing = 0;
		};
		84A5009A2629B92D00873A2E /* Resources */ = {
			isa = PBXResourcesBuildPhase;
			buildActionMask = 2147483647;
			files = (
			);
			runOnlyForDeploymentPostprocessing = 0;
		};
/* End PBXResourcesBuildPhase section */

/* Begin PBXSourcesBuildPhase section */
		843243E8262817D5008CCB8D /* Sources */ = {
			isa = PBXSourcesBuildPhase;
			buildActionMask = 2147483647;
			files = (
				84A500682629B4B700873A2E /* AppDelegate.swift in Sources */,
				843243F2262817D5008CCB8D /* ContentView.swift in Sources */,
				843243F0262817D5008CCB8D /* iOS2macApp.swift in Sources */,
				84A500AA2629C42500873A2E /* Interfaces.swift in Sources */,
			);
			runOnlyForDeploymentPostprocessing = 0;
		};
		84A500982629B92D00873A2E /* Sources */ = {
			isa = PBXSourcesBuildPhase;
			buildActionMask = 2147483647;
			files = (
				84A500A52629C09300873A2E /* MacOSBridge.swift in Sources */,
				84A500A82629C42200873A2E /* Interfaces.swift in Sources */,
			);
			runOnlyForDeploymentPostprocessing = 0;
		};
/* End PBXSourcesBuildPhase section */

/* Begin PBXTargetDependency section */
		84A500B22629D51500873A2E /* PBXTargetDependency */ = {
			isa = PBXTargetDependency;
			target = 84A5009B2629B92D00873A2E /* macOSBridge */;
			targetProxy = 84A500B12629D51500873A2E /* PBXContainerItemProxy */;
		};
/* End PBXTargetDependency section */

/* Begin XCBuildConfiguration section */
		843243F9262817D6008CCB8D /* Debug */ = {
			isa = XCBuildConfiguration;
			buildSettings = {
				ALWAYS_SEARCH_USER_PATHS = NO;
				CLANG_ANALYZER_NONNULL = YES;
				CLANG_ANALYZER_NUMBER_OBJECT_CONVERSION = YES_AGGRESSIVE;
				CLANG_CXX_LANGUAGE_STANDARD = "gnu++14";
				CLANG_CXX_LIBRARY = "libc++";
				CLANG_ENABLE_MODULES = YES;
				CLANG_ENABLE_OBJC_ARC = YES;
				CLANG_ENABLE_OBJC_WEAK = YES;
				CLANG_WARN_BLOCK_CAPTURE_AUTORELEASING = YES;
				CLANG_WARN_BOOL_CONVERSION = YES;
				CLANG_WARN_COMMA = YES;
				CLANG_WARN_CONSTANT_CONVERSION = YES;
				CLANG_WARN_DEPRECATED_OBJC_IMPLEMENTATIONS = YES;
				CLANG_WARN_DIRECT_OBJC_ISA_USAGE = YES_ERROR;
				CLANG_WARN_DOCUMENTATION_COMMENTS = YES;
				CLANG_WARN_EMPTY_BODY = YES;
				CLANG_WARN_ENUM_CONVERSION = YES;
				CLANG_WARN_INFINITE_RECURSION = YES;
				CLANG_WARN_INT_CONVERSION = YES;
				CLANG_WARN_NON_LITERAL_NULL_CONVERSION = YES;
				CLANG_WARN_OBJC_IMPLICIT_RETAIN_SELF = YES;
				CLANG_WARN_OBJC_LITERAL_CONVERSION = YES;
				CLANG_WARN_OBJC_ROOT_CLASS = YES_ERROR;
				CLANG_WARN_QUOTED_INCLUDE_IN_FRAMEWORK_HEADER = YES;
				CLANG_WARN_RANGE_LOOP_ANALYSIS = YES;
				CLANG_WARN_STRICT_PROTOTYPES = YES;
				CLANG_WARN_SUSPICIOUS_MOVE = YES;
				CLANG_WARN_UNGUARDED_AVAILABILITY = YES_AGGRESSIVE;
				CLANG_WARN_UNREACHABLE_CODE = YES;
				CLANG_WARN__DUPLICATE_METHOD_MATCH = YES;
				COPY_PHASE_STRIP = NO;
				DEBUG_INFORMATION_FORMAT = dwarf;
				ENABLE_STRICT_OBJC_MSGSEND = YES;
				ENABLE_TESTABILITY = YES;
				GCC_C_LANGUAGE_STANDARD = gnu11;
				GCC_DYNAMIC_NO_PIC = NO;
				GCC_NO_COMMON_BLOCKS = YES;
				GCC_OPTIMIZATION_LEVEL = 0;
				GCC_PREPROCESSOR_DEFINITIONS = (
					"DEBUG=1",
					"$(inherited)",
				);
				GCC_WARN_64_TO_32_BIT_CONVERSION = YES;
				GCC_WARN_ABOUT_RETURN_TYPE = YES_ERROR;
				GCC_WARN_UNDECLARED_SELECTOR = YES;
				GCC_WARN_UNINITIALIZED_AUTOS = YES_AGGRESSIVE;
				GCC_WARN_UNUSED_FUNCTION = YES;
				GCC_WARN_UNUSED_VARIABLE = YES;
				IPHONEOS_DEPLOYMENT_TARGET = 14.4;
				MTL_ENABLE_DEBUG_INFO = INCLUDE_SOURCE;
				MTL_FAST_MATH = YES;
				ONLY_ACTIVE_ARCH = YES;
				SDKROOT = iphoneos;
				SWIFT_ACTIVE_COMPILATION_CONDITIONS = DEBUG;
				SWIFT_OPTIMIZATION_LEVEL = "-Onone";
			};
			name = Debug;
		};
		843243FA262817D6008CCB8D /* Release */ = {
			isa = XCBuildConfiguration;
			buildSettings = {
				ALWAYS_SEARCH_USER_PATHS = NO;
				CLANG_ANALYZER_NONNULL = YES;
				CLANG_ANALYZER_NUMBER_OBJECT_CONVERSION = YES_AGGRESSIVE;
				CLANG_CXX_LANGUAGE_STANDARD = "gnu++14";
				CLANG_CXX_LIBRARY = "libc++";
				CLANG_ENABLE_MODULES = YES;
				CLANG_ENABLE_OBJC_ARC = YES;
				CLANG_ENABLE_OBJC_WEAK = YES;
				CLANG_WARN_BLOCK_CAPTURE_AUTORELEASING = YES;
				CLANG_WARN_BOOL_CONVERSION = YES;
				CLANG_WARN_COMMA = YES;
				CLANG_WARN_CONSTANT_CONVERSION = YES;
				CLANG_WARN_DEPRECATED_OBJC_IMPLEMENTATIONS = YES;
				CLANG_WARN_DIRECT_OBJC_ISA_USAGE = YES_ERROR;
				CLANG_WARN_DOCUMENTATION_COMMENTS = YES;
				CLANG_WARN_EMPTY_BODY = YES;
				CLANG_WARN_ENUM_CONVERSION = YES;
				CLANG_WARN_INFINITE_RECURSION = YES;
				CLANG_WARN_INT_CONVERSION = YES;
				CLANG_WARN_NON_LITERAL_NULL_CONVERSION = YES;
				CLANG_WARN_OBJC_IMPLICIT_RETAIN_SELF = YES;
				CLANG_WARN_OBJC_LITERAL_CONVERSION = YES;
				CLANG_WARN_OBJC_ROOT_CLASS = YES_ERROR;
				CLANG_WARN_QUOTED_INCLUDE_IN_FRAMEWORK_HEADER = YES;
				CLANG_WARN_RANGE_LOOP_ANALYSIS = YES;
				CLANG_WARN_STRICT_PROTOTYPES = YES;
				CLANG_WARN_SUSPICIOUS_MOVE = YES;
				CLANG_WARN_UNGUARDED_AVAILABILITY = YES_AGGRESSIVE;
				CLANG_WARN_UNREACHABLE_CODE = YES;
				CLANG_WARN__DUPLICATE_METHOD_MATCH = YES;
				COPY_PHASE_STRIP = NO;
				DEBUG_INFORMATION_FORMAT = "dwarf-with-dsym";
				ENABLE_NS_ASSERTIONS = NO;
				ENABLE_STRICT_OBJC_MSGSEND = YES;
				GCC_C_LANGUAGE_STANDARD = gnu11;
				GCC_NO_COMMON_BLOCKS = YES;
				GCC_WARN_64_TO_32_BIT_CONVERSION = YES;
				GCC_WARN_ABOUT_RETURN_TYPE = YES_ERROR;
				GCC_WARN_UNDECLARED_SELECTOR = YES;
				GCC_WARN_UNINITIALIZED_AUTOS = YES_AGGRESSIVE;
				GCC_WARN_UNUSED_FUNCTION = YES;
				GCC_WARN_UNUSED_VARIABLE = YES;
				IPHONEOS_DEPLOYMENT_TARGET = 14.4;
				MTL_ENABLE_DEBUG_INFO = NO;
				MTL_FAST_MATH = YES;
				SDKROOT = iphoneos;
				SWIFT_COMPILATION_MODE = wholemodule;
				SWIFT_OPTIMIZATION_LEVEL = "-O";
				VALIDATE_PRODUCT = YES;
			};
			name = Release;
		};
		843243FC262817D6008CCB8D /* Debug */ = {
			isa = XCBuildConfiguration;
			buildSettings = {
				ASSETCATALOG_COMPILER_APPICON_NAME = AppIcon;
				ASSETCATALOG_COMPILER_GLOBAL_ACCENT_COLOR_NAME = AccentColor;
				CODE_SIGN_ENTITLEMENTS = iOS2mac/iOS2mac.entitlements;
				CODE_SIGN_STYLE = Automatic;
				DEVELOPMENT_ASSET_PATHS = "\"iOS2mac/Preview Content\"";
				DEVELOPMENT_TEAM = 76JW37K4WD;
				ENABLE_PREVIEWS = YES;
				INFOPLIST_FILE = iOS2mac/Info.plist;
				IPHONEOS_DEPLOYMENT_TARGET = 14.0;
				LD_RUNPATH_SEARCH_PATHS = (
					"$(inherited)",
					"@executable_path/Frameworks",
				);
				PRODUCT_BUNDLE_IDENTIFIER = medium.iOS2mac;
				PRODUCT_NAME = "$(TARGET_NAME)";
				SUPPORTS_MACCATALYST = YES;
				SWIFT_VERSION = 5.0;
				TARGETED_DEVICE_FAMILY = "1,2";
			};
			name = Debug;
		};
		843243FD262817D6008CCB8D /* Release */ = {
			isa = XCBuildConfiguration;
			buildSettings = {
				ASSETCATALOG_COMPILER_APPICON_NAME = AppIcon;
				ASSETCATALOG_COMPILER_GLOBAL_ACCENT_COLOR_NAME = AccentColor;
				CODE_SIGN_ENTITLEMENTS = iOS2mac/iOS2mac.entitlements;
				CODE_SIGN_STYLE = Automatic;
				DEVELOPMENT_ASSET_PATHS = "\"iOS2mac/Preview Content\"";
				DEVELOPMENT_TEAM = 76JW37K4WD;
				ENABLE_PREVIEWS = YES;
				INFOPLIST_FILE = iOS2mac/Info.plist;
				IPHONEOS_DEPLOYMENT_TARGET = 14.0;
				LD_RUNPATH_SEARCH_PATHS = (
					"$(inherited)",
					"@executable_path/Frameworks",
				);
				PRODUCT_BUNDLE_IDENTIFIER = medium.iOS2mac;
				PRODUCT_NAME = "$(TARGET_NAME)";
				SUPPORTS_MACCATALYST = YES;
				SWIFT_VERSION = 5.0;
				TARGETED_DEVICE_FAMILY = "1,2";
			};
			name = Release;
		};
		84A500A02629B92D00873A2E /* Debug */ = {
			isa = XCBuildConfiguration;
			buildSettings = {
				CLANG_ENABLE_MODULES = YES;
				CODE_SIGN_STYLE = Automatic;
				COMBINE_HIDPI_IMAGES = YES;
				INFOPLIST_FILE = macOSBrigde/Info.plist;
				INSTALL_PATH = "$(LOCAL_LIBRARY_DIR)/Bundles";
				LD_RUNPATH_SEARCH_PATHS = (
					"$(inherited)",
					"@executable_path/../Frameworks",
					"@loader_path/../Frameworks",
				);
				MACOSX_DEPLOYMENT_TARGET = 11.1;
				PRODUCT_BUNDLE_IDENTIFIER = medium.macOSBrigde;
				PRODUCT_NAME = "$(TARGET_NAME)";
				SDKROOT = macosx;
				SKIP_INSTALL = YES;
				SWIFT_OBJC_BRIDGING_HEADER = "macOSBrigde/macOSBrigde-Bridging-Header.h";
				SWIFT_OPTIMIZATION_LEVEL = "-Onone";
				SWIFT_VERSION = 5.0;
				WRAPPER_EXTENSION = bundle;
			};
			name = Debug;
		};
		84A500A12629B92D00873A2E /* Release */ = {
			isa = XCBuildConfiguration;
			buildSettings = {
				CLANG_ENABLE_MODULES = YES;
				CODE_SIGN_STYLE = Automatic;
				COMBINE_HIDPI_IMAGES = YES;
				INFOPLIST_FILE = macOSBrigde/Info.plist;
				INSTALL_PATH = "$(LOCAL_LIBRARY_DIR)/Bundles";
				LD_RUNPATH_SEARCH_PATHS = (
					"$(inherited)",
					"@executable_path/../Frameworks",
					"@loader_path/../Frameworks",
				);
				MACOSX_DEPLOYMENT_TARGET = 11.1;
				PRODUCT_BUNDLE_IDENTIFIER = medium.macOSBrigde;
				PRODUCT_NAME = "$(TARGET_NAME)";
				SDKROOT = macosx;
				SKIP_INSTALL = YES;
				SWIFT_OBJC_BRIDGING_HEADER = "macOSBrigde/macOSBrigde-Bridging-Header.h";
				SWIFT_VERSION = 5.0;
				WRAPPER_EXTENSION = bundle;
			};
			name = Release;
		};
/* End XCBuildConfiguration section */

/* Begin XCConfigurationList section */
		843243E7262817D5008CCB8D /* Build configuration list for PBXProject "iOS2mac" */ = {
			isa = XCConfigurationList;
			buildConfigurations = (
				843243F9262817D6008CCB8D /* Debug */,
				843243FA262817D6008CCB8D /* Release */,
			);
			defaultConfigurationIsVisible = 0;
			defaultConfigurationName = Release;
		};
		843243FB262817D6008CCB8D /* Build configuration list for PBXNativeTarget "iOS2mac" */ = {
			isa = XCConfigurationList;
			buildConfigurations = (
				843243FC262817D6008CCB8D /* Debug */,
				843243FD262817D6008CCB8D /* Release */,
			);
			defaultConfigurationIsVisible = 0;
			defaultConfigurationName = Release;
		};
		84A5009F2629B92D00873A2E /* Build configuration list for PBXNativeTarget "macOSBridge" */ = {
			isa = XCConfigurationList;
			buildConfigurations = (
				84A500A02629B92D00873A2E /* Debug */,
				84A500A12629B92D00873A2E /* Release */,
			);
			defaultConfigurationIsVisible = 0;
			defaultConfigurationName = Release;
		};
/* End XCConfigurationList section */
	};
	rootObject = 843243E4262817D5008CCB8D /* Project object */;
}
